// !$*UTF8*$!
{
	archiveVersion = 1;
	classes = {
	};
	objectVersion = 46;
	objects = {

/* Begin PBXBuildFile section */
		A991BE42EBB593B91FAF3952 /* Pods_LTProject.framework in Frameworks */ = {isa = PBXBuildFile; fileRef = E6C2955AA4368D4F3669743B /* Pods_LTProject.framework */; };
		FB13E1F81D5AD9CD0089C621 /* LTWaitingView.m in Sources */ = {isa = PBXBuildFile; fileRef = FB13E1F71D5AD9CD0089C621 /* LTWaitingView.m */; };
		FB3711851DA8D535003CB825 /* UIGestureRecognizer+Action.m in Sources */ = {isa = PBXBuildFile; fileRef = FB3711841DA8D535003CB825 /* UIGestureRecognizer+Action.m */; };
		FB3711881DA9E289003CB825 /* LTStarView.m in Sources */ = {isa = PBXBuildFile; fileRef = FB3711871DA9E289003CB825 /* LTStarView.m */; };
		FB45ECE61D865C3E00262199 /* LTTouchID.m in Sources */ = {isa = PBXBuildFile; fileRef = FB45ECE51D865C3E00262199 /* LTTouchID.m */; };
		FB45ECE91D869DBD00262199 /* LTSortingAlgorithm.m in Sources */ = {isa = PBXBuildFile; fileRef = FB45ECE81D869DBD00262199 /* LTSortingAlgorithm.m */; };
		FB4FD2C51D7EC4FF001A8A3F /* 8.png in Resources */ = {isa = PBXBuildFile; fileRef = FB4FD2C41D7EC4FF001A8A3F /* 8.png */; };
		FB4FD2E01D7FC4CC001A8A3F /* UIImage+Color.m in Sources */ = {isa = PBXBuildFile; fileRef = FB4FD2D41D7FC4CC001A8A3F /* UIImage+Color.m */; };
		FB4FD2E11D7FC4CC001A8A3F /* UIImage+Rotate.m in Sources */ = {isa = PBXBuildFile; fileRef = FB4FD2D61D7FC4CC001A8A3F /* UIImage+Rotate.m */; };
		FB4FD2E21D7FC4CC001A8A3F /* UIImage+SubImage.m in Sources */ = {isa = PBXBuildFile; fileRef = FB4FD2D81D7FC4CC001A8A3F /* UIImage+SubImage.m */; };
		FB4FD2E31D7FC4CC001A8A3F /* UIView+Animation.m in Sources */ = {isa = PBXBuildFile; fileRef = FB4FD2DB1D7FC4CC001A8A3F /* UIView+Animation.m */; };
		FB4FD2E41D7FC4CC001A8A3F /* UIView+Fuzzy.m in Sources */ = {isa = PBXBuildFile; fileRef = FB4FD2DD1D7FC4CC001A8A3F /* UIView+Fuzzy.m */; };
		FB4FD2E51D7FC4CC001A8A3F /* UIView+Layer.m in Sources */ = {isa = PBXBuildFile; fileRef = FB4FD2DF1D7FC4CC001A8A3F /* UIView+Layer.m */; };
		FB4FD2E91D800C7D001A8A3F /* LTMainViewController.m in Sources */ = {isa = PBXBuildFile; fileRef = FB4FD2E81D800C7D001A8A3F /* LTMainViewController.m */; };
		FB4FD2F01D811216001A8A3F /* UIViewController+Utils.m in Sources */ = {isa = PBXBuildFile; fileRef = FB4FD2EF1D811216001A8A3F /* UIViewController+Utils.m */; };
		FB54FFC81D532B7500903F9C /* LTRootViewController.m in Sources */ = {isa = PBXBuildFile; fileRef = FB54FFC51D532B7500903F9C /* LTRootViewController.m */; };
		FB54FFC91D532B7500903F9C /* LTRootViewController.xib in Resources */ = {isa = PBXBuildFile; fileRef = FB54FFC61D532B7500903F9C /* LTRootViewController.xib */; };
		FB54FFCC1D532BF500903F9C /* LTBaseTabBarViewController.m in Sources */ = {isa = PBXBuildFile; fileRef = FB54FFCB1D532BF500903F9C /* LTBaseTabBarViewController.m */; };
		FB54FFD01D532C6A00903F9C /* LTHttpRequestManager.m in Sources */ = {isa = PBXBuildFile; fileRef = FB54FFCF1D532C6A00903F9C /* LTHttpRequestManager.m */; };
		FB6A99D01DAA2B6300EBCED1 /* 12.png in Resources */ = {isa = PBXBuildFile; fileRef = FB6A99CE1DAA2B6300EBCED1 /* 12.png */; };
		FB6A99D11DAA2B6300EBCED1 /* 21.png in Resources */ = {isa = PBXBuildFile; fileRef = FB6A99CF1DAA2B6300EBCED1 /* 21.png */; };
		FB6B37201D87CB4700F7B83F /* LTDateManager.m in Sources */ = {isa = PBXBuildFile; fileRef = FB6B371F1D87CB4700F7B83F /* LTDateManager.m */; };
		FB8E7BA11D9BA87D00A91116 /* UIViewController+HUD.m in Sources */ = {isa = PBXBuildFile; fileRef = FB8E7BA01D9BA87D00A91116 /* UIViewController+HUD.m */; };
		FBCB0B351D460E0700DF9D93 /* main.m in Sources */ = {isa = PBXBuildFile; fileRef = FBCB0B341D460E0700DF9D93 /* main.m */; };
		FBCB0B381D460E0700DF9D93 /* AppDelegate.m in Sources */ = {isa = PBXBuildFile; fileRef = FBCB0B371D460E0700DF9D93 /* AppDelegate.m */; };
		FBCB0B3B1D460E0700DF9D93 /* ViewController.m in Sources */ = {isa = PBXBuildFile; fileRef = FBCB0B3A1D460E0700DF9D93 /* ViewController.m */; };
		FBCB0B3E1D460E0700DF9D93 /* Main.storyboard in Resources */ = {isa = PBXBuildFile; fileRef = FBCB0B3C1D460E0700DF9D93 /* Main.storyboard */; };
		FBCB0B401D460E0700DF9D93 /* Assets.xcassets in Resources */ = {isa = PBXBuildFile; fileRef = FBCB0B3F1D460E0700DF9D93 /* Assets.xcassets */; };
		FBCB0B431D460E0700DF9D93 /* LaunchScreen.storyboard in Resources */ = {isa = PBXBuildFile; fileRef = FBCB0B411D460E0700DF9D93 /* LaunchScreen.storyboard */; };
		FBCB0B711D47144000DF9D93 /* LTExpression.m in Sources */ = {isa = PBXBuildFile; fileRef = FBCB0B701D47144000DF9D93 /* LTExpression.m */; };
		FBE2C88A1D65A6AD00CB701A /* LTPlaySystemSound.m in Sources */ = {isa = PBXBuildFile; fileRef = FBE2C8891D65A6AD00CB701A /* LTPlaySystemSound.m */; };
		FBFDC86F1D8285EE00D7157C /* NSString+Unit.m in Sources */ = {isa = PBXBuildFile; fileRef = FBFDC86E1D8285EE00D7157C /* NSString+Unit.m */; };
		FBFDC8731D828E3300D7157C /* NSUserDefaults+Unit.m in Sources */ = {isa = PBXBuildFile; fileRef = FBFDC8721D828E3300D7157C /* NSUserDefaults+Unit.m */; };
		FBFDC87D1D82BFDB00D7157C /* LTDataBase.m in Sources */ = {isa = PBXBuildFile; fileRef = FBFDC87C1D82BFDB00D7157C /* LTDataBase.m */; };
/* End PBXBuildFile section */

/* Begin PBXFileReference section */
		2FFB3BCA37C8FE392CA79912 /* Pods-LTProject.release.xcconfig */ = {isa = PBXFileReference; includeInIndex = 1; lastKnownFileType = text.xcconfig; name = "Pods-LTProject.release.xcconfig"; path = "Pods/Target Support Files/Pods-LTProject/Pods-LTProject.release.xcconfig"; sourceTree = "<group>"; };
		41C08CD8EF394B56335827C2 /* Pods-LTProject.debug.xcconfig */ = {isa = PBXFileReference; includeInIndex = 1; lastKnownFileType = text.xcconfig; name = "Pods-LTProject.debug.xcconfig"; path = "Pods/Target Support Files/Pods-LTProject/Pods-LTProject.debug.xcconfig"; sourceTree = "<group>"; };
		E6C2955AA4368D4F3669743B /* Pods_LTProject.framework */ = {isa = PBXFileReference; explicitFileType = wrapper.framework; includeInIndex = 0; path = Pods_LTProject.framework; sourceTree = BUILT_PRODUCTS_DIR; };
		FB13E1F61D5AD9CD0089C621 /* LTWaitingView.h */ = {isa = PBXFileReference; fileEncoding = 4; lastKnownFileType = sourcecode.c.h; path = LTWaitingView.h; sourceTree = "<group>"; };
		FB13E1F71D5AD9CD0089C621 /* LTWaitingView.m */ = {isa = PBXFileReference; fileEncoding = 4; lastKnownFileType = sourcecode.c.objc; path = LTWaitingView.m; sourceTree = "<group>"; };
		FB3711831DA8D535003CB825 /* UIGestureRecognizer+Action.h */ = {isa = PBXFileReference; fileEncoding = 4; lastKnownFileType = sourcecode.c.h; path = "UIGestureRecognizer+Action.h"; sourceTree = "<group>"; };
		FB3711841DA8D535003CB825 /* UIGestureRecognizer+Action.m */ = {isa = PBXFileReference; fileEncoding = 4; lastKnownFileType = sourcecode.c.objc; path = "UIGestureRecognizer+Action.m"; sourceTree = "<group>"; };
		FB3711861DA9E289003CB825 /* LTStarView.h */ = {isa = PBXFileReference; fileEncoding = 4; lastKnownFileType = sourcecode.c.h; path = LTStarView.h; sourceTree = "<group>"; };
		FB3711871DA9E289003CB825 /* LTStarView.m */ = {isa = PBXFileReference; fileEncoding = 4; lastKnownFileType = sourcecode.c.objc; path = LTStarView.m; sourceTree = "<group>"; };
		FB45ECE41D865C3E00262199 /* LTTouchID.h */ = {isa = PBXFileReference; fileEncoding = 4; lastKnownFileType = sourcecode.c.h; path = LTTouchID.h; sourceTree = "<group>"; };
		FB45ECE51D865C3E00262199 /* LTTouchID.m */ = {isa = PBXFileReference; fileEncoding = 4; lastKnownFileType = sourcecode.c.objc; path = LTTouchID.m; sourceTree = "<group>"; };
		FB45ECE71D869DBD00262199 /* LTSortingAlgorithm.h */ = {isa = PBXFileReference; fileEncoding = 4; lastKnownFileType = sourcecode.c.h; path = LTSortingAlgorithm.h; sourceTree = "<group>"; };
		FB45ECE81D869DBD00262199 /* LTSortingAlgorithm.m */ = {isa = PBXFileReference; fileEncoding = 4; lastKnownFileType = sourcecode.c.objc; path = LTSortingAlgorithm.m; sourceTree = "<group>"; };
		FB4FD2C41D7EC4FF001A8A3F /* 8.png */ = {isa = PBXFileReference; lastKnownFileType = image.png; path = 8.png; sourceTree = "<group>"; };
		FB4FD2C71D7EC6E2001A8A3F /* Macro.h */ = {isa = PBXFileReference; lastKnownFileType = sourcecode.c.h; path = Macro.h; sourceTree = "<group>"; };
		FB4FD2C81D7EC75A001A8A3F /* PrefixHeader.pch */ = {isa = PBXFileReference; lastKnownFileType = sourcecode.c.h; path = PrefixHeader.pch; sourceTree = "<group>"; };
		FB4FD2D31D7FC4CC001A8A3F /* UIImage+Color.h */ = {isa = PBXFileReference; fileEncoding = 4; lastKnownFileType = sourcecode.c.h; path = "UIImage+Color.h"; sourceTree = "<group>"; };
		FB4FD2D41D7FC4CC001A8A3F /* UIImage+Color.m */ = {isa = PBXFileReference; fileEncoding = 4; lastKnownFileType = sourcecode.c.objc; path = "UIImage+Color.m"; sourceTree = "<group>"; };
		FB4FD2D51D7FC4CC001A8A3F /* UIImage+Rotate.h */ = {isa = PBXFileReference; fileEncoding = 4; lastKnownFileType = sourcecode.c.h; path = "UIImage+Rotate.h"; sourceTree = "<group>"; };
		FB4FD2D61D7FC4CC001A8A3F /* UIImage+Rotate.m */ = {isa = PBXFileReference; fileEncoding = 4; lastKnownFileType = sourcecode.c.objc; path = "UIImage+Rotate.m"; sourceTree = "<group>"; };
		FB4FD2D71D7FC4CC001A8A3F /* UIImage+SubImage.h */ = {isa = PBXFileReference; fileEncoding = 4; lastKnownFileType = sourcecode.c.h; path = "UIImage+SubImage.h"; sourceTree = "<group>"; };
		FB4FD2D81D7FC4CC001A8A3F /* UIImage+SubImage.m */ = {isa = PBXFileReference; fileEncoding = 4; lastKnownFileType = sourcecode.c.objc; path = "UIImage+SubImage.m"; sourceTree = "<group>"; };
		FB4FD2DA1D7FC4CC001A8A3F /* UIView+Animation.h */ = {isa = PBXFileReference; fileEncoding = 4; lastKnownFileType = sourcecode.c.h; path = "UIView+Animation.h"; sourceTree = "<group>"; };
		FB4FD2DB1D7FC4CC001A8A3F /* UIView+Animation.m */ = {isa = PBXFileReference; fileEncoding = 4; lastKnownFileType = sourcecode.c.objc; path = "UIView+Animation.m"; sourceTree = "<group>"; };
		FB4FD2DC1D7FC4CC001A8A3F /* UIView+Fuzzy.h */ = {isa = PBXFileReference; fileEncoding = 4; lastKnownFileType = sourcecode.c.h; path = "UIView+Fuzzy.h"; sourceTree = "<group>"; };
		FB4FD2DD1D7FC4CC001A8A3F /* UIView+Fuzzy.m */ = {isa = PBXFileReference; fileEncoding = 4; lastKnownFileType = sourcecode.c.objc; path = "UIView+Fuzzy.m"; sourceTree = "<group>"; };
		FB4FD2DE1D7FC4CC001A8A3F /* UIView+Layer.h */ = {isa = PBXFileReference; fileEncoding = 4; lastKnownFileType = sourcecode.c.h; path = "UIView+Layer.h"; sourceTree = "<group>"; };
		FB4FD2DF1D7FC4CC001A8A3F /* UIView+Layer.m */ = {isa = PBXFileReference; fileEncoding = 4; lastKnownFileType = sourcecode.c.objc; path = "UIView+Layer.m"; sourceTree = "<group>"; };
		FB4FD2E71D800C7D001A8A3F /* LTMainViewController.h */ = {isa = PBXFileReference; fileEncoding = 4; lastKnownFileType = sourcecode.c.h; path = LTMainViewController.h; sourceTree = "<group>"; };
		FB4FD2E81D800C7D001A8A3F /* LTMainViewController.m */ = {isa = PBXFileReference; fileEncoding = 4; lastKnownFileType = sourcecode.c.objc; path = LTMainViewController.m; sourceTree = "<group>"; };
		FB4FD2EE1D811216001A8A3F /* UIViewController+Utils.h */ = {isa = PBXFileReference; fileEncoding = 4; lastKnownFileType = sourcecode.c.h; path = "UIViewController+Utils.h"; sourceTree = "<group>"; };
		FB4FD2EF1D811216001A8A3F /* UIViewController+Utils.m */ = {isa = PBXFileReference; fileEncoding = 4; lastKnownFileType = sourcecode.c.objc; path = "UIViewController+Utils.m"; sourceTree = "<group>"; };
		FB54FFC41D532B7500903F9C /* LTRootViewController.h */ = {isa = PBXFileReference; fileEncoding = 4; lastKnownFileType = sourcecode.c.h; path = LTRootViewController.h; sourceTree = "<group>"; };
		FB54FFC51D532B7500903F9C /* LTRootViewController.m */ = {isa = PBXFileReference; fileEncoding = 4; lastKnownFileType = sourcecode.c.objc; path = LTRootViewController.m; sourceTree = "<group>"; };
		FB54FFC61D532B7500903F9C /* LTRootViewController.xib */ = {isa = PBXFileReference; fileEncoding = 4; lastKnownFileType = file.xib; path = LTRootViewController.xib; sourceTree = "<group>"; };
		FB54FFCA1D532BF500903F9C /* LTBaseTabBarViewController.h */ = {isa = PBXFileReference; fileEncoding = 4; lastKnownFileType = sourcecode.c.h; path = LTBaseTabBarViewController.h; sourceTree = "<group>"; };
		FB54FFCB1D532BF500903F9C /* LTBaseTabBarViewController.m */ = {isa = PBXFileReference; fileEncoding = 4; lastKnownFileType = sourcecode.c.objc; path = LTBaseTabBarViewController.m; sourceTree = "<group>"; };
		FB54FFCE1D532C6A00903F9C /* LTHttpRequestManager.h */ = {isa = PBXFileReference; fileEncoding = 4; lastKnownFileType = sourcecode.c.h; path = LTHttpRequestManager.h; sourceTree = "<group>"; };
		FB54FFCF1D532C6A00903F9C /* LTHttpRequestManager.m */ = {isa = PBXFileReference; fileEncoding = 4; lastKnownFileType = sourcecode.c.objc; path = LTHttpRequestManager.m; sourceTree = "<group>"; };
		FB6A99CE1DAA2B6300EBCED1 /* 12.png */ = {isa = PBXFileReference; lastKnownFileType = image.png; path = 12.png; sourceTree = "<group>"; };
		FB6A99CF1DAA2B6300EBCED1 /* 21.png */ = {isa = PBXFileReference; lastKnownFileType = image.png; path = 21.png; sourceTree = "<group>"; };
		FB6B371E1D87CB4700F7B83F /* LTDateManager.h */ = {isa = PBXFileReference; fileEncoding = 4; lastKnownFileType = sourcecode.c.h; path = LTDateManager.h; sourceTree = "<group>"; };
		FB6B371F1D87CB4700F7B83F /* LTDateManager.m */ = {isa = PBXFileReference; fileEncoding = 4; lastKnownFileType = sourcecode.c.objc; path = LTDateManager.m; sourceTree = "<group>"; };
		FB8E7B9F1D9BA87D00A91116 /* UIViewController+HUD.h */ = {isa = PBXFileReference; fileEncoding = 4; lastKnownFileType = sourcecode.c.h; path = "UIViewController+HUD.h"; sourceTree = "<group>"; };
		FB8E7BA01D9BA87D00A91116 /* UIViewController+HUD.m */ = {isa = PBXFileReference; fileEncoding = 4; lastKnownFileType = sourcecode.c.objc; path = "UIViewController+HUD.m"; sourceTree = "<group>"; };
		FBCB0B301D460E0700DF9D93 /* LTProject.app */ = {isa = PBXFileReference; explicitFileType = wrapper.application; includeInIndex = 0; path = LTProject.app; sourceTree = BUILT_PRODUCTS_DIR; };
		FBCB0B341D460E0700DF9D93 /* main.m */ = {isa = PBXFileReference; lastKnownFileType = sourcecode.c.objc; path = main.m; sourceTree = "<group>"; };
		FBCB0B361D460E0700DF9D93 /* AppDelegate.h */ = {isa = PBXFileReference; lastKnownFileType = sourcecode.c.h; path = AppDelegate.h; sourceTree = "<group>"; };
		FBCB0B371D460E0700DF9D93 /* AppDelegate.m */ = {isa = PBXFileReference; lastKnownFileType = sourcecode.c.objc; path = AppDelegate.m; sourceTree = "<group>"; };
		FBCB0B391D460E0700DF9D93 /* ViewController.h */ = {isa = PBXFileReference; lastKnownFileType = sourcecode.c.h; path = ViewController.h; sourceTree = "<group>"; };
		FBCB0B3A1D460E0700DF9D93 /* ViewController.m */ = {isa = PBXFileReference; lastKnownFileType = sourcecode.c.objc; path = ViewController.m; sourceTree = "<group>"; };
		FBCB0B3D1D460E0700DF9D93 /* Base */ = {isa = PBXFileReference; lastKnownFileType = file.storyboard; name = Base; path = Base.lproj/Main.storyboard; sourceTree = "<group>"; };
		FBCB0B3F1D460E0700DF9D93 /* Assets.xcassets */ = {isa = PBXFileReference; lastKnownFileType = folder.assetcatalog; path = Assets.xcassets; sourceTree = "<group>"; };
		FBCB0B421D460E0700DF9D93 /* Base */ = {isa = PBXFileReference; lastKnownFileType = file.storyboard; name = Base; path = Base.lproj/LaunchScreen.storyboard; sourceTree = "<group>"; };
		FBCB0B441D460E0700DF9D93 /* Info.plist */ = {isa = PBXFileReference; lastKnownFileType = text.plist.xml; path = Info.plist; sourceTree = "<group>"; };
		FBCB0B6F1D47144000DF9D93 /* LTExpression.h */ = {isa = PBXFileReference; fileEncoding = 4; lastKnownFileType = sourcecode.c.h; path = LTExpression.h; sourceTree = "<group>"; };
		FBCB0B701D47144000DF9D93 /* LTExpression.m */ = {isa = PBXFileReference; fileEncoding = 4; lastKnownFileType = sourcecode.c.objc; path = LTExpression.m; sourceTree = "<group>"; };
		FBE2C8881D65A6AD00CB701A /* LTPlaySystemSound.h */ = {isa = PBXFileReference; fileEncoding = 4; lastKnownFileType = sourcecode.c.h; path = LTPlaySystemSound.h; sourceTree = "<group>"; };
		FBE2C8891D65A6AD00CB701A /* LTPlaySystemSound.m */ = {isa = PBXFileReference; fileEncoding = 4; lastKnownFileType = sourcecode.c.objc; path = LTPlaySystemSound.m; sourceTree = "<group>"; };
		FBFDC86D1D8285EE00D7157C /* NSString+Unit.h */ = {isa = PBXFileReference; fileEncoding = 4; lastKnownFileType = sourcecode.c.h; path = "NSString+Unit.h"; sourceTree = "<group>"; };
		FBFDC86E1D8285EE00D7157C /* NSString+Unit.m */ = {isa = PBXFileReference; fileEncoding = 4; lastKnownFileType = sourcecode.c.objc; path = "NSString+Unit.m"; sourceTree = "<group>"; };
		FBFDC8711D828E3300D7157C /* NSUserDefaults+Unit.h */ = {isa = PBXFileReference; fileEncoding = 4; lastKnownFileType = sourcecode.c.h; path = "NSUserDefaults+Unit.h"; sourceTree = "<group>"; };
		FBFDC8721D828E3300D7157C /* NSUserDefaults+Unit.m */ = {isa = PBXFileReference; fileEncoding = 4; lastKnownFileType = sourcecode.c.objc; path = "NSUserDefaults+Unit.m"; sourceTree = "<group>"; };
		FBFDC87B1D82BFDB00D7157C /* LTDataBase.h */ = {isa = PBXFileReference; fileEncoding = 4; lastKnownFileType = sourcecode.c.h; path = LTDataBase.h; sourceTree = "<group>"; };
		FBFDC87C1D82BFDB00D7157C /* LTDataBase.m */ = {isa = PBXFileReference; fileEncoding = 4; lastKnownFileType = sourcecode.c.objc; path = LTDataBase.m; sourceTree = "<group>"; };
/* End PBXFileReference section */

/* Begin PBXFrameworksBuildPhase section */
		FBCB0B2D1D460E0700DF9D93 /* Frameworks */ = {
			isa = PBXFrameworksBuildPhase;
			buildActionMask = 2147483647;
			files = (
				A991BE42EBB593B91FAF3952 /* Pods_LTProject.framework in Frameworks */,
			);
			runOnlyForDeploymentPostprocessing = 0;
		};
/* End PBXFrameworksBuildPhase section */

/* Begin PBXGroup section */
		4BA882306A0963989287D7EA /* Frameworks */ = {
			isa = PBXGroup;
			children = (
				E6C2955AA4368D4F3669743B /* Pods_LTProject.framework */,
			);
			name = Frameworks;
			sourceTree = "<group>";
		};
		FB3711821DA8D535003CB825 /* GestureCategory */ = {
			isa = PBXGroup;
			children = (
				FB3711831DA8D535003CB825 /* UIGestureRecognizer+Action.h */,
				FB3711841DA8D535003CB825 /* UIGestureRecognizer+Action.m */,
			);
			path = GestureCategory;
			sourceTree = "<group>";
		};
		FB4FD2C31D7EC4FF001A8A3F /* Image */ = {
			isa = PBXGroup;
			children = (
				FB4FD2C41D7EC4FF001A8A3F /* 8.png */,
			);
			path = Image;
			sourceTree = "<group>";
		};
		FB4FD2C61D7EC6C8001A8A3F /* Macro */ = {
			isa = PBXGroup;
			children = (
				FB4FD2C71D7EC6E2001A8A3F /* Macro.h */,
			);
			path = Macro;
			sourceTree = "<group>";
		};
		FB4FD2D21D7FC4CC001A8A3F /* ImageCategory */ = {
			isa = PBXGroup;
			children = (
				FB4FD2D31D7FC4CC001A8A3F /* UIImage+Color.h */,
				FB4FD2D41D7FC4CC001A8A3F /* UIImage+Color.m */,
				FB4FD2D51D7FC4CC001A8A3F /* UIImage+Rotate.h */,
				FB4FD2D61D7FC4CC001A8A3F /* UIImage+Rotate.m */,
				FB4FD2D71D7FC4CC001A8A3F /* UIImage+SubImage.h */,
				FB4FD2D81D7FC4CC001A8A3F /* UIImage+SubImage.m */,
			);
			path = ImageCategory;
			sourceTree = "<group>";
		};
		FB4FD2D91D7FC4CC001A8A3F /* ViewCategory */ = {
			isa = PBXGroup;
			children = (
				FB4FD2DA1D7FC4CC001A8A3F /* UIView+Animation.h */,
				FB4FD2DB1D7FC4CC001A8A3F /* UIView+Animation.m */,
				FB4FD2DC1D7FC4CC001A8A3F /* UIView+Fuzzy.h */,
				FB4FD2DD1D7FC4CC001A8A3F /* UIView+Fuzzy.m */,
				FB4FD2DE1D7FC4CC001A8A3F /* UIView+Layer.h */,
				FB4FD2DF1D7FC4CC001A8A3F /* UIView+Layer.m */,
			);
			path = ViewCategory;
			sourceTree = "<group>";
		};
		FB4FD2E61D800C62001A8A3F /* Main */ = {
			isa = PBXGroup;
			children = (
				FB6A99CE1DAA2B6300EBCED1 /* 12.png */,
				FB6A99CF1DAA2B6300EBCED1 /* 21.png */,
				FB4FD2E71D800C7D001A8A3F /* LTMainViewController.h */,
				FB4FD2E81D800C7D001A8A3F /* LTMainViewController.m */,
				FB3711861DA9E289003CB825 /* LTStarView.h */,
				FB3711871DA9E289003CB825 /* LTStarView.m */,
			);
			path = Main;
			sourceTree = "<group>";
		};
		FB4FD2ED1D811216001A8A3F /* ViewControllerCategory */ = {
			isa = PBXGroup;
			children = (
				FB4FD2EE1D811216001A8A3F /* UIViewController+Utils.h */,
				FB4FD2EF1D811216001A8A3F /* UIViewController+Utils.m */,
				FB8E7B9F1D9BA87D00A91116 /* UIViewController+HUD.h */,
				FB8E7BA01D9BA87D00A91116 /* UIViewController+HUD.m */,
			);
			path = ViewControllerCategory;
			sourceTree = "<group>";
		};
		FB54FFC01D532B7500903F9C /* Base */ = {
			isa = PBXGroup;
			children = (
				FB54FFC11D532B7500903F9C /* Manager */,
				FB54FFC21D532B7500903F9C /* Model */,
				FB54FFC31D532B7500903F9C /* ViewController */,
				FB54FFC71D532B7500903F9C /* Views */,
			);
			path = Base;
			sourceTree = "<group>";
		};
		FB54FFC11D532B7500903F9C /* Manager */ = {
			isa = PBXGroup;
			children = (
			);
			path = Manager;
			sourceTree = "<group>";
		};
		FB54FFC21D532B7500903F9C /* Model */ = {
			isa = PBXGroup;
			children = (
			);
			path = Model;
			sourceTree = "<group>";
		};
		FB54FFC31D532B7500903F9C /* ViewController */ = {
			isa = PBXGroup;
			children = (
				FB54FFC41D532B7500903F9C /* LTRootViewController.h */,
				FB54FFC51D532B7500903F9C /* LTRootViewController.m */,
				FB54FFC61D532B7500903F9C /* LTRootViewController.xib */,
				FB54FFCA1D532BF500903F9C /* LTBaseTabBarViewController.h */,
				FB54FFCB1D532BF500903F9C /* LTBaseTabBarViewController.m */,
			);
			path = ViewController;
			sourceTree = "<group>";
		};
		FB54FFC71D532B7500903F9C /* Views */ = {
			isa = PBXGroup;
			children = (
				FB13E1F61D5AD9CD0089C621 /* LTWaitingView.h */,
				FB13E1F71D5AD9CD0089C621 /* LTWaitingView.m */,
			);
			path = Views;
			sourceTree = "<group>";
		};
		FB54FFCD1D532C4800903F9C /* HttpRequest */ = {
			isa = PBXGroup;
			children = (
				FB54FFCE1D532C6A00903F9C /* LTHttpRequestManager.h */,
				FB54FFCF1D532C6A00903F9C /* LTHttpRequestManager.m */,
			);
			path = HttpRequest;
			sourceTree = "<group>";
		};
		FBCB0B271D460E0700DF9D93 = {
			isa = PBXGroup;
			children = (
				FBCB0B321D460E0700DF9D93 /* LTProject */,
				FBCB0B311D460E0700DF9D93 /* Products */,
				FFE6D4DE169E8B83FEACC855 /* Pods */,
				4BA882306A0963989287D7EA /* Frameworks */,
			);
			sourceTree = "<group>";
		};
		FBCB0B311D460E0700DF9D93 /* Products */ = {
			isa = PBXGroup;
			children = (
				FBCB0B301D460E0700DF9D93 /* LTProject.app */,
			);
			name = Products;
			sourceTree = "<group>";
		};
		FBCB0B321D460E0700DF9D93 /* LTProject */ = {
			isa = PBXGroup;
			children = (
				FBCB0B361D460E0700DF9D93 /* AppDelegate.h */,
				FBCB0B371D460E0700DF9D93 /* AppDelegate.m */,
				FBCB0B391D460E0700DF9D93 /* ViewController.h */,
				FBCB0B3A1D460E0700DF9D93 /* ViewController.m */,
				FBCB0B591D46186D00DF9D93 /* Sections */,
				FBCB0B5D1D46186D00DF9D93 /* Third */,
				FBCB0B5E1D46186D00DF9D93 /* Tools */,
				FBCB0B3C1D460E0700DF9D93 /* Main.storyboard */,
				FBCB0B3F1D460E0700DF9D93 /* Assets.xcassets */,
				FBCB0B411D460E0700DF9D93 /* LaunchScreen.storyboard */,
				FBCB0B441D460E0700DF9D93 /* Info.plist */,
				FBCB0B331D460E0700DF9D93 /* Supporting Files */,
				FB4FD2C81D7EC75A001A8A3F /* PrefixHeader.pch */,
			);
			path = LTProject;
			sourceTree = "<group>";
		};
		FBCB0B331D460E0700DF9D93 /* Supporting Files */ = {
			isa = PBXGroup;
			children = (
				FB4FD2C31D7EC4FF001A8A3F /* Image */,
				FBCB0B341D460E0700DF9D93 /* main.m */,
			);
			name = "Supporting Files";
			sourceTree = "<group>";
		};
		FBCB0B591D46186D00DF9D93 /* Sections */ = {
			isa = PBXGroup;
			children = (
				FB54FFC01D532B7500903F9C /* Base */,
				FB4FD2E61D800C62001A8A3F /* Main */,
			);
			path = Sections;
			sourceTree = "<group>";
		};
		FBCB0B5D1D46186D00DF9D93 /* Third */ = {
			isa = PBXGroup;
			children = (
			);
			path = Third;
			sourceTree = "<group>";
		};
		FBCB0B5E1D46186D00DF9D93 /* Tools */ = {
			isa = PBXGroup;
			children = (
				FBFDC87A1D82BFDB00D7157C /* DAO */,
				FB4FD2C61D7EC6C8001A8A3F /* Macro */,
				FBE2C8871D65A69000CB701A /* Sound */,
				FB54FFCD1D532C4800903F9C /* HttpRequest */,
				FBCB0B6E1D47141C00DF9D93 /* RegularExpression */,
				FBCB0B5F1D46186D00DF9D93 /* Category */,
				FB45ECE41D865C3E00262199 /* LTTouchID.h */,
				FB45ECE51D865C3E00262199 /* LTTouchID.m */,
				FB45ECE71D869DBD00262199 /* LTSortingAlgorithm.h */,
				FB45ECE81D869DBD00262199 /* LTSortingAlgorithm.m */,
			);
			path = Tools;
			sourceTree = "<group>";
		};
		FBCB0B5F1D46186D00DF9D93 /* Category */ = {
			isa = PBXGroup;
			children = (
				FBEEB0751D81BBC4000F9D6C /* DateCategory */,
				FB4FD2ED1D811216001A8A3F /* ViewControllerCategory */,
				FB4FD2D21D7FC4CC001A8A3F /* ImageCategory */,
				FB4FD2D91D7FC4CC001A8A3F /* ViewCategory */,
				FB3711821DA8D535003CB825 /* GestureCategory */,
				FBFDC86D1D8285EE00D7157C /* NSString+Unit.h */,
				FBFDC86E1D8285EE00D7157C /* NSString+Unit.m */,
				FBFDC8711D828E3300D7157C /* NSUserDefaults+Unit.h */,
				FBFDC8721D828E3300D7157C /* NSUserDefaults+Unit.m */,
			);
			path = Category;
			sourceTree = "<group>";
		};
		FBCB0B6E1D47141C00DF9D93 /* RegularExpression */ = {
			isa = PBXGroup;
			children = (
				FBCB0B6F1D47144000DF9D93 /* LTExpression.h */,
				FBCB0B701D47144000DF9D93 /* LTExpression.m */,
			);
			path = RegularExpression;
			sourceTree = "<group>";
		};
		FBE2C8871D65A69000CB701A /* Sound */ = {
			isa = PBXGroup;
			children = (
				FBE2C8881D65A6AD00CB701A /* LTPlaySystemSound.h */,
				FBE2C8891D65A6AD00CB701A /* LTPlaySystemSound.m */,
			);
			path = Sound;
			sourceTree = "<group>";
		};
		FBEEB0751D81BBC4000F9D6C /* DateCategory */ = {
			isa = PBXGroup;
			children = (
				FB6B371E1D87CB4700F7B83F /* LTDateManager.h */,
				FB6B371F1D87CB4700F7B83F /* LTDateManager.m */,
			);
			path = DateCategory;
			sourceTree = "<group>";
		};
		FBFDC87A1D82BFDB00D7157C /* DAO */ = {
			isa = PBXGroup;
			children = (
				FBFDC87B1D82BFDB00D7157C /* LTDataBase.h */,
				FBFDC87C1D82BFDB00D7157C /* LTDataBase.m */,
			);
			path = DAO;
			sourceTree = "<group>";
		};
		FFE6D4DE169E8B83FEACC855 /* Pods */ = {
			isa = PBXGroup;
			children = (
				41C08CD8EF394B56335827C2 /* Pods-LTProject.debug.xcconfig */,
				2FFB3BCA37C8FE392CA79912 /* Pods-LTProject.release.xcconfig */,
			);
			name = Pods;
			sourceTree = "<group>";
		};
/* End PBXGroup section */

/* Begin PBXNativeTarget section */
		FBCB0B2F1D460E0700DF9D93 /* LTProject */ = {
			isa = PBXNativeTarget;
			buildConfigurationList = FBCB0B471D460E0700DF9D93 /* Build configuration list for PBXNativeTarget "LTProject" */;
			buildPhases = (
				8C9B398A73836041FFB5842F /* [CP] Check Pods Manifest.lock */,
				FBCB0B2C1D460E0700DF9D93 /* Sources */,
				FBCB0B2D1D460E0700DF9D93 /* Frameworks */,
				FBCB0B2E1D460E0700DF9D93 /* Resources */,
				F99298DEFB77E9AF24362631 /* [CP] Embed Pods Frameworks */,
				21D0931570D0B57A5FB4AD7F /* [CP] Copy Pods Resources */,
			);
			buildRules = (
			);
			dependencies = (
			);
			name = LTProject;
			productName = LTProject;
			productReference = FBCB0B301D460E0700DF9D93 /* LTProject.app */;
			productType = "com.apple.product-type.application";
		};
/* End PBXNativeTarget section */

/* Begin PBXProject section */
		FBCB0B281D460E0700DF9D93 /* Project object */ = {
			isa = PBXProject;
			attributes = {
				LastUpgradeCheck = 0730;
				ORGANIZATIONNAME = "上海众盟软件科技股份有限公司";
				TargetAttributes = {
					FBCB0B2F1D460E0700DF9D93 = {
						CreatedOnToolsVersion = 7.3.1;
						DevelopmentTeam = 5PPD73Z536;
					};
				};
			};
			buildConfigurationList = FBCB0B2B1D460E0700DF9D93 /* Build configuration list for PBXProject "LTProject" */;
			compatibilityVersion = "Xcode 3.2";
			developmentRegion = English;
			hasScannedForEncodings = 0;
			knownRegions = (
				en,
				Base,
			);
			mainGroup = FBCB0B271D460E0700DF9D93;
			productRefGroup = FBCB0B311D460E0700DF9D93 /* Products */;
			projectDirPath = "";
			projectRoot = "";
			targets = (
				FBCB0B2F1D460E0700DF9D93 /* LTProject */,
			);
		};
/* End PBXProject section */

/* Begin PBXResourcesBuildPhase section */
		FBCB0B2E1D460E0700DF9D93 /* Resources */ = {
			isa = PBXResourcesBuildPhase;
			buildActionMask = 2147483647;
			files = (
				FB6A99D01DAA2B6300EBCED1 /* 12.png in Resources */,
				FB4FD2C51D7EC4FF001A8A3F /* 8.png in Resources */,
				FB54FFC91D532B7500903F9C /* LTRootViewController.xib in Resources */,
				FBCB0B431D460E0700DF9D93 /* LaunchScreen.storyboard in Resources */,
				FB6A99D11DAA2B6300EBCED1 /* 21.png in Resources */,
				FBCB0B401D460E0700DF9D93 /* Assets.xcassets in Resources */,
				FBCB0B3E1D460E0700DF9D93 /* Main.storyboard in Resources */,
			);
			runOnlyForDeploymentPostprocessing = 0;
		};
/* End PBXResourcesBuildPhase section */

/* Begin PBXShellScriptBuildPhase section */
		21D0931570D0B57A5FB4AD7F /* [CP] Copy Pods Resources */ = {
			isa = PBXShellScriptBuildPhase;
			buildActionMask = 2147483647;
			files = (
			);
			inputPaths = (
			);
			name = "[CP] Copy Pods Resources";
			outputPaths = (
			);
			runOnlyForDeploymentPostprocessing = 0;
			shellPath = /bin/sh;
			shellScript = "\"${SRCROOT}/Pods/Target Support Files/Pods-LTProject/Pods-LTProject-resources.sh\"\n";
			showEnvVarsInLog = 0;
		};
		8C9B398A73836041FFB5842F /* [CP] Check Pods Manifest.lock */ = {
			isa = PBXShellScriptBuildPhase;
			buildActionMask = 2147483647;
			files = (
			);
			inputPaths = (
			);
			name = "[CP] Check Pods Manifest.lock";
			outputPaths = (
			);
			runOnlyForDeploymentPostprocessing = 0;
			shellPath = /bin/sh;
			shellScript = "diff \"${PODS_ROOT}/../Podfile.lock\" \"${PODS_ROOT}/Manifest.lock\" > /dev/null\nif [[ $? != 0 ]] ; then\n    cat << EOM\nerror: The sandbox is not in sync with the Podfile.lock. Run 'pod install' or update your CocoaPods installation.\nEOM\n    exit 1\nfi\n";
			showEnvVarsInLog = 0;
		};
		F99298DEFB77E9AF24362631 /* [CP] Embed Pods Frameworks */ = {
			isa = PBXShellScriptBuildPhase;
			buildActionMask = 2147483647;
			files = (
			);
			inputPaths = (
			);
			name = "[CP] Embed Pods Frameworks";
			outputPaths = (
			);
			runOnlyForDeploymentPostprocessing = 0;
			shellPath = /bin/sh;
			shellScript = "\"${SRCROOT}/Pods/Target Support Files/Pods-LTProject/Pods-LTProject-frameworks.sh\"\n";
			showEnvVarsInLog = 0;
		};
/* End PBXShellScriptBuildPhase section */

/* Begin PBXSourcesBuildPhase section */
		FBCB0B2C1D460E0700DF9D93 /* Sources */ = {
			isa = PBXSourcesBuildPhase;
			buildActionMask = 2147483647;
			files = (
				FB4FD2E21D7FC4CC001A8A3F /* UIImage+SubImage.m in Sources */,
				FB54FFC81D532B7500903F9C /* LTRootViewController.m in Sources */,
				FB45ECE91D869DBD00262199 /* LTSortingAlgorithm.m in Sources */,
				FBCB0B3B1D460E0700DF9D93 /* ViewController.m in Sources */,
				FB3711881DA9E289003CB825 /* LTStarView.m in Sources */,
				FB4FD2E11D7FC4CC001A8A3F /* UIImage+Rotate.m in Sources */,
				FBFDC87D1D82BFDB00D7157C /* LTDataBase.m in Sources */,
				FB4FD2E31D7FC4CC001A8A3F /* UIView+Animation.m in Sources */,
				FB6B37201D87CB4700F7B83F /* LTDateManager.m in Sources */,
				FB4FD2E91D800C7D001A8A3F /* LTMainViewController.m in Sources */,
				FB3711851DA8D535003CB825 /* UIGestureRecognizer+Action.m in Sources */,
				FB4FD2E01D7FC4CC001A8A3F /* UIImage+Color.m in Sources */,
				FBCB0B711D47144000DF9D93 /* LTExpression.m in Sources */,
				FBCB0B381D460E0700DF9D93 /* AppDelegate.m in Sources */,
				FBFDC8731D828E3300D7157C /* NSUserDefaults+Unit.m in Sources */,
				FB54FFCC1D532BF500903F9C /* LTBaseTabBarViewController.m in Sources */,
				FB4FD2E51D7FC4CC001A8A3F /* UIView+Layer.m in Sources */,
				FB4FD2E41D7FC4CC001A8A3F /* UIView+Fuzzy.m in Sources */,
				FB4FD2F01D811216001A8A3F /* UIViewController+Utils.m in Sources */,
				FBFDC86F1D8285EE00D7157C /* NSString+Unit.m in Sources */,
				FB8E7BA11D9BA87D00A91116 /* UIViewController+HUD.m in Sources */,
				FB54FFD01D532C6A00903F9C /* LTHttpRequestManager.m in Sources */,
				FB45ECE61D865C3E00262199 /* LTTouchID.m in Sources */,
				FBCB0B351D460E0700DF9D93 /* main.m in Sources */,
				FBE2C88A1D65A6AD00CB701A /* LTPlaySystemSound.m in Sources */,
				FB13E1F81D5AD9CD0089C621 /* LTWaitingView.m in Sources */,
			);
			runOnlyForDeploymentPostprocessing = 0;
		};
/* End PBXSourcesBuildPhase section */

/* Begin PBXVariantGroup section */
		FBCB0B3C1D460E0700DF9D93 /* Main.storyboard */ = {
			isa = PBXVariantGroup;
			children = (
				FBCB0B3D1D460E0700DF9D93 /* Base */,
			);
			name = Main.storyboard;
			sourceTree = "<group>";
		};
		FBCB0B411D460E0700DF9D93 /* LaunchScreen.storyboard */ = {
			isa = PBXVariantGroup;
			children = (
				FBCB0B421D460E0700DF9D93 /* Base */,
			);
			name = LaunchScreen.storyboard;
			sourceTree = "<group>";
		};
/* End PBXVariantGroup section */

/* Begin XCBuildConfiguration section */
		FBCB0B451D460E0700DF9D93 /* Debug */ = {
			isa = XCBuildConfiguration;
			buildSettings = {
				ALWAYS_SEARCH_USER_PATHS = NO;
				CLANG_ANALYZER_NONNULL = YES;
				CLANG_CXX_LANGUAGE_STANDARD = "gnu++0x";
				CLANG_CXX_LIBRARY = "libc++";
				CLANG_ENABLE_MODULES = YES;
				CLANG_ENABLE_OBJC_ARC = YES;
				CLANG_WARN_BOOL_CONVERSION = YES;
				CLANG_WARN_CONSTANT_CONVERSION = YES;
				CLANG_WARN_DIRECT_OBJC_ISA_USAGE = YES_ERROR;
				CLANG_WARN_EMPTY_BODY = YES;
				CLANG_WARN_ENUM_CONVERSION = YES;
				CLANG_WARN_INT_CONVERSION = YES;
				CLANG_WARN_OBJC_ROOT_CLASS = YES_ERROR;
				CLANG_WARN_UNREACHABLE_CODE = YES;
				CLANG_WARN__DUPLICATE_METHOD_MATCH = YES;
				"CODE_SIGN_IDENTITY[sdk=iphoneos*]" = "iPhone Developer";
				COPY_PHASE_STRIP = NO;
				DEBUG_INFORMATION_FORMAT = dwarf;
				ENABLE_STRICT_OBJC_MSGSEND = YES;
				ENABLE_TESTABILITY = YES;
				GCC_C_LANGUAGE_STANDARD = gnu99;
				GCC_DYNAMIC_NO_PIC = NO;
				GCC_NO_COMMON_BLOCKS = YES;
				GCC_OPTIMIZATION_LEVEL = 0;
				GCC_PREPROCESSOR_DEFINITIONS = (
					"DEBUG=1",
					"$(inherited)",
				);
				GCC_WARN_64_TO_32_BIT_CONVERSION = YES;
				GCC_WARN_ABOUT_RETURN_TYPE = YES_ERROR;
				GCC_WARN_UNDECLARED_SELECTOR = YES;
				GCC_WARN_UNINITIALIZED_AUTOS = YES_AGGRESSIVE;
				GCC_WARN_UNUSED_FUNCTION = YES;
				GCC_WARN_UNUSED_VARIABLE = YES;
				IPHONEOS_DEPLOYMENT_TARGET = 9.3;
				MTL_ENABLE_DEBUG_INFO = YES;
				ONLY_ACTIVE_ARCH = YES;
				SDKROOT = iphoneos;
				TARGETED_DEVICE_FAMILY = "1,2";
			};
			name = Debug;
		};
		FBCB0B461D460E0700DF9D93 /* Release */ = {
			isa = XCBuildConfiguration;
			buildSettings = {
				ALWAYS_SEARCH_USER_PATHS = NO;
				CLANG_ANALYZER_NONNULL = YES;
				CLANG_CXX_LANGUAGE_STANDARD = "gnu++0x";
				CLANG_CXX_LIBRARY = "libc++";
				CLANG_ENABLE_MODULES = YES;
				CLANG_ENABLE_OBJC_ARC = YES;
				CLANG_WARN_BOOL_CONVERSION = YES;
				CLANG_WARN_CONSTANT_CONVERSION = YES;
				CLANG_WARN_DIRECT_OBJC_ISA_USAGE = YES_ERROR;
				CLANG_WARN_EMPTY_BODY = YES;
				CLANG_WARN_ENUM_CONVERSION = YES;
				CLANG_WARN_INT_CONVERSION = YES;
				CLANG_WARN_OBJC_ROOT_CLASS = YES_ERROR;
				CLANG_WARN_UNREACHABLE_CODE = YES;
				CLANG_WARN__DUPLICATE_METHOD_MATCH = YES;
				"CODE_SIGN_IDENTITY[sdk=iphoneos*]" = "iPhone Developer";
				COPY_PHASE_STRIP = NO;
				DEBUG_INFORMATION_FORMAT = "dwarf-with-dsym";
				ENABLE_NS_ASSERTIONS = NO;
				ENABLE_STRICT_OBJC_MSGSEND = YES;
				GCC_C_LANGUAGE_STANDARD = gnu99;
				GCC_NO_COMMON_BLOCKS = YES;
				GCC_WARN_64_TO_32_BIT_CONVERSION = YES;
				GCC_WARN_ABOUT_RETURN_TYPE = YES_ERROR;
				GCC_WARN_UNDECLARED_SELECTOR = YES;
				GCC_WARN_UNINITIALIZED_AUTOS = YES_AGGRESSIVE;
				GCC_WARN_UNUSED_FUNCTION = YES;
				GCC_WARN_UNUSED_VARIABLE = YES;
				IPHONEOS_DEPLOYMENT_TARGET = 9.3;
				MTL_ENABLE_DEBUG_INFO = NO;
				SDKROOT = iphoneos;
				TARGETED_DEVICE_FAMILY = "1,2";
				VALIDATE_PRODUCT = YES;
			};
			name = Release;
		};
		FBCB0B481D460E0700DF9D93 /* Debug */ = {
			isa = XCBuildConfiguration;
			baseConfigurationReference = 41C08CD8EF394B56335827C2 /* Pods-LTProject.debug.xcconfig */;
			buildSettings = {
				ASSETCATALOG_COMPILER_APPICON_NAME = AppIcon;
				CODE_SIGN_IDENTITY = "iPhone Developer";
				"CODE_SIGN_IDENTITY[sdk=iphoneos*]" = "iPhone Developer";
				ENABLE_BITCODE = NO;
				GCC_PREFIX_HEADER = LTProject/PrefixHeader.pch;
				INFOPLIST_FILE = LTProject/Info.plist;
				LD_RUNPATH_SEARCH_PATHS = "$(inherited) @executable_path/Frameworks";
				PRODUCT_BUNDLE_IDENTIFIER = www.zubmo.com.LTProject;
				PRODUCT_NAME = "$(TARGET_NAME)";
				PROVISIONING_PROFILE = "";
			};
			name = Debug;
		};
		FBCB0B491D460E0700DF9D93 /* Release */ = {
			isa = XCBuildConfiguration;
			baseConfigurationReference = 2FFB3BCA37C8FE392CA79912 /* Pods-LTProject.release.xcconfig */;
			buildSettings = {
				ASSETCATALOG_COMPILER_APPICON_NAME = AppIcon;
				CODE_SIGN_IDENTITY = "iPhone Developer";
				"CODE_SIGN_IDENTITY[sdk=iphoneos*]" = "iPhone Developer";
				ENABLE_BITCODE = NO;
				GCC_PREFIX_HEADER = LTProject/PrefixHeader.pch;
				INFOPLIST_FILE = LTProject/Info.plist;
				LD_RUNPATH_SEARCH_PATHS = "$(inherited) @executable_path/Frameworks";
				PRODUCT_BUNDLE_IDENTIFIER = www.zubmo.com.LTProject;
				PRODUCT_NAME = "$(TARGET_NAME)";
				PROVISIONING_PROFILE = "";
			};
			name = Release;
		};
/* End XCBuildConfiguration section */

/* Begin XCConfigurationList section */
		FBCB0B2B1D460E0700DF9D93 /* Build configuration list for PBXProject "LTProject" */ = {
			isa = XCConfigurationList;
			buildConfigurations = (
				FBCB0B451D460E0700DF9D93 /* Debug */,
				FBCB0B461D460E0700DF9D93 /* Release */,
			);
			defaultConfigurationIsVisible = 0;
			defaultConfigurationName = Release;
		};
		FBCB0B471D460E0700DF9D93 /* Build configuration list for PBXNativeTarget "LTProject" */ = {
			isa = XCConfigurationList;
			buildConfigurations = (
				FBCB0B481D460E0700DF9D93 /* Debug */,
				FBCB0B491D460E0700DF9D93 /* Release */,
			);
			defaultConfigurationIsVisible = 0;
			defaultConfigurationName = Release;
		};
/* End XCConfigurationList section */
	};
	rootObject = FBCB0B281D460E0700DF9D93 /* Project object */;
}
